
Microsoft Visual Studio Solution File, Format Version 12.00
# Visual Studio Version 17
VisualStudioVersion = 17.13.35825.156 d17.13
MinimumVisualStudioVersion = 10.0.40219.1
Project("{FAE04EC0-301F-11D3-BF4B-00C04F79EFBC}") = "Practica 20 - Visual Selectiva", "Practica 20 - Visual Selectiva.csproj", "{22B929A1-12BD-49ED-B9BE-652A2B714FAC}"
EndProject
Global
	GlobalSection(SolutionConfigurationPlatforms) = preSolution
		Debug|Any CPU = Debug|Any CPU
		Release|Any CPU = Release|Any CPU
	EndGlobalSection
	GlobalSection(ProjectConfigurationPlatforms) = postSolution
		{22B929A1-12BD-49ED-B9BE-652A2B714FAC}.Debug|Any CPU.ActiveCfg = Debug|Any CPU
		{22B929A1-12BD-49ED-B9BE-652A2B714FAC}.Debug|Any CPU.Build.0 = Debug|Any CPU
		{22B929A1-12BD-49ED-B9BE-652A2B714FAC}.Release|Any CPU.ActiveCfg = Release|Any CPU
		{22B929A1-12BD-49ED-B9BE-652A2B714FAC}.Release|Any CPU.Build.0 = Release|Any CPU
	EndGlobalSection
	GlobalSection(SolutionProperties) = preSolution
		HideSolutionNode = FALSE
	EndGlobalSection
	GlobalSection(ExtensibilityGlobals) = postSolution
		SolutionGuid = {4FE83089-7ABA-4639-B53D-434887440331}
	EndGlobalSection
EndGlobal
